<?xml version="1.0" encoding="utf-8"?>
<Project ToolsVersion="4.0" xmlns="http://schemas.microsoft.com/developer/msbuild/2003">
  <ItemGroup>
    <ClCompile Include="..\src\104_Sky_Hillaire_2020\104_Sky_Hillaire_2020.cpp">
      <Filter>Source Files</Filter>
    </ClCompile>
  </ItemGroup>
  <ItemGroup>
    <Filter Include="Shaders">
      <UniqueIdentifier>{899360c9-6d4b-40cb-895c-97998d84cb14}</UniqueIdentifier>
    </Filter>
    <Filter Include="Source Files">
      <UniqueIdentifier>{c623bd60-b2cb-4c6c-bf7c-b6afcb2d7405}</UniqueIdentifier>
    </Filter>
    <Filter Include="Shaders\D3D12">
      <UniqueIdentifier>{3d11cf08-e172-4420-927c-59e2f76fd0b9}</UniqueIdentifier>
    </Filter>
  </ItemGroup>
  <ItemGroup>
    <None Include="..\src\104_Sky_Hillaire_2020\Shaders\D3D12\BRDFIntegration.comp">
      <Filter>Shaders\D3D12</Filter>
    </None>
    <None Include="..\src\104_Sky_Hillaire_2020\Shaders\D3D12\computeIrradianceMap.comp">
      <Filter>Shaders\D3D12</Filter>
    </None>
    <None Include="..\src\104_Sky_Hillaire_2020\Shaders\D3D12\computeSpecularMap.comp">
      <Filter>Shaders\D3D12</Filter>
    </None>
    <None Include="..\src\104_Sky_Hillaire_2020\Shaders\D3D12\panoToCube.comp">
      <Filter>Shaders\D3D12</Filter>
    </None>
    <None Include="..\src\104_Sky_Hillaire_2020\Shaders\D3D12\renderSceneBRDF.frag">
      <Filter>Shaders\D3D12</Filter>
    </None>
    <None Include="..\src\104_Sky_Hillaire_2020\Shaders\D3D12\renderSceneBRDF.vert">
      <Filter>Shaders\D3D12</Filter>
    </None>
    <None Include="..\src\104_Sky_Hillaire_2020\Shaders\D3D12\skybox.frag">
      <Filter>Shaders\D3D12</Filter>
    </None>
    <None Include="..\src\104_Sky_Hillaire_2020\Shaders\D3D12\skybox.vert">
      <Filter>Shaders\D3D12</Filter>
    </None>
    <None Include="..\src\104_Sky_Hillaire_2020\Shaders\D3D12\fillGbuffers.frag">
      <Filter>Shaders\D3D12</Filter>
    </None>
    <None Include="..\src\104_Sky_Hillaire_2020\Shaders\D3D12\fillGbuffers.vert">
      <Filter>Shaders\D3D12</Filter>
    </None>
    <None Include="..\src\104_Sky_Hillaire_2020\Shaders\D3D12\copyDepth.comp">
      <Filter>Shaders\D3D12</Filter>
    </None>
    <None Include="..\src\104_Sky_Hillaire_2020\Shaders\D3D12\generateMips.comp">
      <Filter>Shaders\D3D12</Filter>
    </None>
    <None Include="..\src\104_Sky_Hillaire_2020\Shaders\D3D12\PPR_Holepatching.frag">
      <Filter>Shaders\D3D12</Filter>
    </None>
    <None Include="..\src\104_Sky_Hillaire_2020\Shaders\D3D12\PPR_Holepatching.vert">
      <Filter>Shaders\D3D12</Filter>
    </None>
    <None Include="..\src\104_Sky_Hillaire_2020\Shaders\D3D12\terrain.frag">
      <Filter>Shaders\D3D12</Filter>
    </None>
    <None Include="..\src\104_Sky_Hillaire_2020\Shaders\D3D12\terrain.vert">
      <Filter>Shaders\D3D12</Filter>
    </None>
    <None Include="..\src\104_Sky_Hillaire_2020\Shaders\D3D12\transmittanceLUT.comp">
      <Filter>Shaders\D3D12</Filter>
    </None>
    <None Include="..\src\104_Sky_Hillaire_2020\Shaders\D3D12\fullscreenTriangle.vert">
      <Filter>Shaders\D3D12</Filter>
    </None>
    <None Include="..\src\104_Sky_Hillaire_2020\Shaders\D3D12\sky.frag">
      <Filter>Shaders\D3D12</Filter>
    </None>
    <None Include="..\src\104_Sky_Hillaire_2020\Shaders\D3D12\irradienceLUT.comp">
      <Filter>Shaders\D3D12</Filter>
    </None>
  </ItemGroup>
  <ItemGroup>
    <FxCompile Include="..\src\104_Sky_Hillaire_2020\Shaders\D3D12\atmosphereStructs.hlsl">
      <Filter>Shaders\D3D12</Filter>
    </FxCompile>
  </ItemGroup>
</Project>